// !$*UTF8*$!
{
	archiveVersion = 1;
	classes = {
	};
	objectVersion = 56;
	objects = {

/* Begin PBXBuildFile section */
		BC5C099E2A4C1F4A004D2D68 /* CapitalizeFirstLetter.m in Sources */ = {isa = PBXBuildFile; fileRef = BC5C099D2A4C1F4A004D2D68 /* CapitalizeFirstLetter.m */; };
		BC5C09A12A4C2065004D2D68 /* ListRegionsController.m in Sources */ = {isa = PBXBuildFile; fileRef = BC5C09A02A4C2065004D2D68 /* ListRegionsController.m */; };
		BC5C09A82A4C51DE004D2D68 /* MapCell.m in Sources */ = {isa = PBXBuildFile; fileRef = BC5C09A72A4C51DE004D2D68 /* MapCell.m */; };
		BCD870EE2A46FAAF0070459F /* AppDelegate.m in Sources */ = {isa = PBXBuildFile; fileRef = BCD870ED2A46FAAF0070459F /* AppDelegate.m */; };
		BCD870F12A46FAAF0070459F /* SceneDelegate.m in Sources */ = {isa = PBXBuildFile; fileRef = BCD870F02A46FAAF0070459F /* SceneDelegate.m */; };
		BCD870F42A46FAAF0070459F /* ListCountriesController.m in Sources */ = {isa = PBXBuildFile; fileRef = BCD870F32A46FAAF0070459F /* ListCountriesController.m */; };
		BCD870F72A46FAAF0070459F /* Main.storyboard in Resources */ = {isa = PBXBuildFile; fileRef = BCD870F52A46FAAF0070459F /* Main.storyboard */; };
		BCD870F92A46FAB00070459F /* Assets.xcassets in Resources */ = {isa = PBXBuildFile; fileRef = BCD870F82A46FAB00070459F /* Assets.xcassets */; };
		BCD870FC2A46FAB00070459F /* LaunchScreen.storyboard in Resources */ = {isa = PBXBuildFile; fileRef = BCD870FA2A46FAB00070459F /* LaunchScreen.storyboard */; };
		BCD870FF2A46FAB00070459F /* main.m in Sources */ = {isa = PBXBuildFile; fileRef = BCD870FE2A46FAB00070459F /* main.m */; };
		BCD871082A4707BE0070459F /* NetworkManager.m in Sources */ = {isa = PBXBuildFile; fileRef = BCD871072A4707BE0070459F /* NetworkManager.m */; };
		BCD8710D2A470C810070459F /* UIColors.m in Sources */ = {isa = PBXBuildFile; fileRef = BCD8710C2A470C810070459F /* UIColors.m */; };
		BCD8710F2A4710D20070459F /* MapsManager.m in Sources */ = {isa = PBXBuildFile; fileRef = BCD8710E2A4710D20070459F /* MapsManager.m */; };
		BCD871122A4711460070459F /* regions.xml in Resources */ = {isa = PBXBuildFile; fileRef = BCD871112A4711460070459F /* regions.xml */; };
		BCD871192A486FA20070459F /* Region.m in Sources */ = {isa = PBXBuildFile; fileRef = BCD871182A486FA20070459F /* Region.m */; };
/* End PBXBuildFile section */

/* Begin PBXFileReference section */
		BC5C099C2A4C1F32004D2D68 /* CapitalizeFirstLetter.h */ = {isa = PBXFileReference; lastKnownFileType = sourcecode.c.h; path = CapitalizeFirstLetter.h; sourceTree = "<group>"; };
		BC5C099D2A4C1F4A004D2D68 /* CapitalizeFirstLetter.m */ = {isa = PBXFileReference; lastKnownFileType = sourcecode.c.objc; path = CapitalizeFirstLetter.m; sourceTree = "<group>"; };
		BC5C099F2A4C2043004D2D68 /* ListRegionsController.h */ = {isa = PBXFileReference; lastKnownFileType = sourcecode.c.h; path = ListRegionsController.h; sourceTree = "<group>"; };
		BC5C09A02A4C2065004D2D68 /* ListRegionsController.m */ = {isa = PBXFileReference; lastKnownFileType = sourcecode.c.objc; path = ListRegionsController.m; sourceTree = "<group>"; };
		BC5C09A22A4C5193004D2D68 /* MapsEuropeTest-Bridging-Header.h */ = {isa = PBXFileReference; lastKnownFileType = sourcecode.c.h; path = "MapsEuropeTest-Bridging-Header.h"; sourceTree = "<group>"; };
		BC5C09A62A4C51CF004D2D68 /* MapCell.h */ = {isa = PBXFileReference; lastKnownFileType = sourcecode.c.h; path = MapCell.h; sourceTree = "<group>"; };
		BC5C09A72A4C51DE004D2D68 /* MapCell.m */ = {isa = PBXFileReference; lastKnownFileType = sourcecode.c.objc; path = MapCell.m; sourceTree = "<group>"; };
		BCD870E92A46FAAF0070459F /* MapsEuropeTest.app */ = {isa = PBXFileReference; explicitFileType = wrapper.application; includeInIndex = 0; path = MapsEuropeTest.app; sourceTree = BUILT_PRODUCTS_DIR; };
		BCD870EC2A46FAAF0070459F /* AppDelegate.h */ = {isa = PBXFileReference; lastKnownFileType = sourcecode.c.h; path = AppDelegate.h; sourceTree = "<group>"; };
		BCD870ED2A46FAAF0070459F /* AppDelegate.m */ = {isa = PBXFileReference; lastKnownFileType = sourcecode.c.objc; path = AppDelegate.m; sourceTree = "<group>"; };
		BCD870EF2A46FAAF0070459F /* SceneDelegate.h */ = {isa = PBXFileReference; lastKnownFileType = sourcecode.c.h; path = SceneDelegate.h; sourceTree = "<group>"; };
		BCD870F02A46FAAF0070459F /* SceneDelegate.m */ = {isa = PBXFileReference; lastKnownFileType = sourcecode.c.objc; path = SceneDelegate.m; sourceTree = "<group>"; };
		BCD870F22A46FAAF0070459F /* ListCountriesController.h */ = {isa = PBXFileReference; lastKnownFileType = sourcecode.c.h; path = ListCountriesController.h; sourceTree = "<group>"; };
		BCD870F32A46FAAF0070459F /* ListCountriesController.m */ = {isa = PBXFileReference; lastKnownFileType = sourcecode.c.objc; path = ListCountriesController.m; sourceTree = "<group>"; };
		BCD870F62A46FAAF0070459F /* Base */ = {isa = PBXFileReference; lastKnownFileType = file.storyboard; name = Base; path = Base.lproj/Main.storyboard; sourceTree = "<group>"; };
		BCD870F82A46FAB00070459F /* Assets.xcassets */ = {isa = PBXFileReference; lastKnownFileType = folder.assetcatalog; path = Assets.xcassets; sourceTree = "<group>"; };
		BCD870FB2A46FAB00070459F /* Base */ = {isa = PBXFileReference; lastKnownFileType = file.storyboard; name = Base; path = Base.lproj/LaunchScreen.storyboard; sourceTree = "<group>"; };
		BCD870FD2A46FAB00070459F /* Info.plist */ = {isa = PBXFileReference; lastKnownFileType = text.plist.xml; path = Info.plist; sourceTree = "<group>"; };
		BCD870FE2A46FAB00070459F /* main.m */ = {isa = PBXFileReference; lastKnownFileType = sourcecode.c.objc; path = main.m; sourceTree = "<group>"; };
		BCD871072A4707BE0070459F /* NetworkManager.m */ = {isa = PBXFileReference; lastKnownFileType = sourcecode.c.objc; path = NetworkManager.m; sourceTree = "<group>"; };
		BCD8710A2A4708190070459F /* NetworkManager.h */ = {isa = PBXFileReference; lastKnownFileType = sourcecode.c.h; path = NetworkManager.h; sourceTree = "<group>"; };
		BCD8710B2A470C760070459F /* UIColors.h */ = {isa = PBXFileReference; lastKnownFileType = sourcecode.c.h; path = UIColors.h; sourceTree = "<group>"; };
		BCD8710C2A470C810070459F /* UIColors.m */ = {isa = PBXFileReference; lastKnownFileType = sourcecode.c.objc; path = UIColors.m; sourceTree = "<group>"; };
		BCD8710E2A4710D20070459F /* MapsManager.m */ = {isa = PBXFileReference; lastKnownFileType = sourcecode.c.objc; path = MapsManager.m; sourceTree = "<group>"; };
		BCD871112A4711460070459F /* regions.xml */ = {isa = PBXFileReference; fileEncoding = 4; lastKnownFileType = text.xml; path = regions.xml; sourceTree = "<group>"; };
		BCD871152A4711DC0070459F /* MapsManager.h */ = {isa = PBXFileReference; lastKnownFileType = sourcecode.c.h; path = MapsManager.h; sourceTree = "<group>"; };
		BCD871172A486F890070459F /* Region.h */ = {isa = PBXFileReference; lastKnownFileType = sourcecode.c.h; path = Region.h; sourceTree = "<group>"; };
		BCD871182A486FA20070459F /* Region.m */ = {isa = PBXFileReference; lastKnownFileType = sourcecode.c.objc; path = Region.m; sourceTree = "<group>"; };
/* End PBXFileReference section */

/* Begin PBXFrameworksBuildPhase section */
		BCD870E62A46FAAF0070459F /* Frameworks */ = {
			isa = PBXFrameworksBuildPhase;
			buildActionMask = 2147483647;
			files = (
			);
			runOnlyForDeploymentPostprocessing = 0;
		};
/* End PBXFrameworksBuildPhase section */

/* Begin PBXGroup section */
		BC5C099B2A4C1F21004D2D68 /* Extensions */ = {
			isa = PBXGroup;
			children = (
				BC5C099C2A4C1F32004D2D68 /* CapitalizeFirstLetter.h */,
				BC5C099D2A4C1F4A004D2D68 /* CapitalizeFirstLetter.m */,
			);
			path = Extensions;
			sourceTree = "<group>";
		};
		BC5C09A52A4C51C5004D2D68 /* Cells */ = {
			isa = PBXGroup;
			children = (
				BC5C09A62A4C51CF004D2D68 /* MapCell.h */,
				BC5C09A72A4C51DE004D2D68 /* MapCell.m */,
			);
			path = Cells;
			sourceTree = "<group>";
		};
		BCD870E02A46FAAF0070459F = {
			isa = PBXGroup;
			children = (
				BCD870EB2A46FAAF0070459F /* MapsEuropeTest */,
				BCD870EA2A46FAAF0070459F /* Products */,
			);
			sourceTree = "<group>";
		};
		BCD870EA2A46FAAF0070459F /* Products */ = {
			isa = PBXGroup;
			children = (
				BCD870E92A46FAAF0070459F /* MapsEuropeTest.app */,
			);
			name = Products;
			sourceTree = "<group>";
		};
		BCD870EB2A46FAAF0070459F /* MapsEuropeTest */ = {
			isa = PBXGroup;
			children = (
				BC5C099B2A4C1F21004D2D68 /* Extensions */,
				BCD871162A486F810070459F /* Models */,
				BCD870FD2A46FAB00070459F /* Info.plist */,
				BCD871092A4707C20070459F /* Services */,
				BCD871062A46FE020070459F /* Resources */,
				BCD871052A46FDF90070459F /* UI */,
				BCD870EC2A46FAAF0070459F /* AppDelegate.h */,
				BCD870ED2A46FAAF0070459F /* AppDelegate.m */,
				BCD870EF2A46FAAF0070459F /* SceneDelegate.h */,
				BCD870F02A46FAAF0070459F /* SceneDelegate.m */,
				BCD870FE2A46FAB00070459F /* main.m */,
				BC5C09A22A4C5193004D2D68 /* MapsEuropeTest-Bridging-Header.h */,
			);
			path = MapsEuropeTest;
			sourceTree = "<group>";
		};
		BCD871052A46FDF90070459F /* UI */ = {
			isa = PBXGroup;
			children = (
				BC5C09A52A4C51C5004D2D68 /* Cells */,
				BCD870F22A46FAAF0070459F /* ListCountriesController.h */,
				BCD870F32A46FAAF0070459F /* ListCountriesController.m */,
				BCD870F52A46FAAF0070459F /* Main.storyboard */,
				BC5C099F2A4C2043004D2D68 /* ListRegionsController.h */,
				BC5C09A02A4C2065004D2D68 /* ListRegionsController.m */,
			);
			path = UI;
			sourceTree = "<group>";
		};
		BCD871062A46FE020070459F /* Resources */ = {
			isa = PBXGroup;
			children = (
				BCD871112A4711460070459F /* regions.xml */,
				BCD870F82A46FAB00070459F /* Assets.xcassets */,
				BCD870FA2A46FAB00070459F /* LaunchScreen.storyboard */,
				BCD8710B2A470C760070459F /* UIColors.h */,
				BCD8710C2A470C810070459F /* UIColors.m */,
			);
			path = Resources;
			sourceTree = "<group>";
		};
		BCD871092A4707C20070459F /* Services */ = {
			isa = PBXGroup;
			children = (
				BCD871072A4707BE0070459F /* NetworkManager.m */,
				BCD8710A2A4708190070459F /* NetworkManager.h */,
				BCD8710E2A4710D20070459F /* MapsManager.m */,
				BCD871152A4711DC0070459F /* MapsManager.h */,
			);
			path = Services;
			sourceTree = "<group>";
		};
		BCD871162A486F810070459F /* Models */ = {
			isa = PBXGroup;
			children = (
				BCD871172A486F890070459F /* Region.h */,
				BCD871182A486FA20070459F /* Region.m */,
			);
			path = Models;
			sourceTree = "<group>";
		};
/* End PBXGroup section */

/* Begin PBXNativeTarget section */
		BCD870E82A46FAAF0070459F /* MapsEuropeTest */ = {
			isa = PBXNativeTarget;
			buildConfigurationList = BCD871022A46FAB00070459F /* Build configuration list for PBXNativeTarget "MapsEuropeTest" */;
			buildPhases = (
				BCD870E52A46FAAF0070459F /* Sources */,
				BCD870E62A46FAAF0070459F /* Frameworks */,
				BCD870E72A46FAAF0070459F /* Resources */,
			);
			buildRules = (
			);
			dependencies = (
			);
			name = MapsEuropeTest;
			productName = MapsEuropeTest;
			productReference = BCD870E92A46FAAF0070459F /* MapsEuropeTest.app */;
			productType = "com.apple.product-type.application";
		};
/* End PBXNativeTarget section */

/* Begin PBXProject section */
		BCD870E12A46FAAF0070459F /* Project object */ = {
			isa = PBXProject;
			attributes = {
				BuildIndependentTargetsInParallel = 1;
				LastUpgradeCheck = 1430;
				TargetAttributes = {
					BCD870E82A46FAAF0070459F = {
						CreatedOnToolsVersion = 14.3.1;
						LastSwiftMigration = 1430;
					};
				};
			};
			buildConfigurationList = BCD870E42A46FAAF0070459F /* Build configuration list for PBXProject "MapsEuropeTest" */;
			compatibilityVersion = "Xcode 14.0";
			developmentRegion = en;
			hasScannedForEncodings = 0;
			knownRegions = (
				en,
				Base,
			);
			mainGroup = BCD870E02A46FAAF0070459F;
			productRefGroup = BCD870EA2A46FAAF0070459F /* Products */;
			projectDirPath = "";
			projectRoot = "";
			targets = (
				BCD870E82A46FAAF0070459F /* MapsEuropeTest */,
			);
		};
/* End PBXProject section */

/* Begin PBXResourcesBuildPhase section */
		BCD870E72A46FAAF0070459F /* Resources */ = {
			isa = PBXResourcesBuildPhase;
			buildActionMask = 2147483647;
			files = (
				BCD870FC2A46FAB00070459F /* LaunchScreen.storyboard in Resources */,
				BCD871122A4711460070459F /* regions.xml in Resources */,
				BCD870F92A46FAB00070459F /* Assets.xcassets in Resources */,
				BCD870F72A46FAAF0070459F /* Main.storyboard in Resources */,
			);
			runOnlyForDeploymentPostprocessing = 0;
		};
/* End PBXResourcesBuildPhase section */

/* Begin PBXSourcesBuildPhase section */
		BCD870E52A46FAAF0070459F /* Sources */ = {
			isa = PBXSourcesBuildPhase;
			buildActionMask = 2147483647;
			files = (
				BC5C09A82A4C51DE004D2D68 /* MapCell.m in Sources */,
				BCD870F42A46FAAF0070459F /* ListCountriesController.m in Sources */,
				BCD8710D2A470C810070459F /* UIColors.m in Sources */,
				BCD870EE2A46FAAF0070459F /* AppDelegate.m in Sources */,
				BC5C099E2A4C1F4A004D2D68 /* CapitalizeFirstLetter.m in Sources */,
				BCD870FF2A46FAB00070459F /* main.m in Sources */,
				BCD871082A4707BE0070459F /* NetworkManager.m in Sources */,
				BCD8710F2A4710D20070459F /* MapsManager.m in Sources */,
				BCD870F12A46FAAF0070459F /* SceneDelegate.m in Sources */,
				BCD871192A486FA20070459F /* Region.m in Sources */,
				BC5C09A12A4C2065004D2D68 /* ListRegionsController.m in Sources */,
			);
			runOnlyForDeploymentPostprocessing = 0;
		};
/* End PBXSourcesBuildPhase section */

/* Begin PBXVariantGroup section */
		BCD870F52A46FAAF0070459F /* Main.storyboard */ = {
			isa = PBXVariantGroup;
			children = (
				BCD870F62A46FAAF0070459F /* Base */,
			);
			name = Main.storyboard;
			sourceTree = "<group>";
		};
		BCD870FA2A46FAB00070459F /* LaunchScreen.storyboard */ = {
			isa = PBXVariantGroup;
			children = (
				BCD870FB2A46FAB00070459F /* Base */,
			);
			name = LaunchScreen.storyboard;
			sourceTree = "<group>";
		};
/* End PBXVariantGroup section */

/* Begin XCBuildConfiguration section */
		BCD871002A46FAB00070459F /* Debug */ = {
			isa = XCBuildConfiguration;
			buildSettings = {
				ALWAYS_SEARCH_USER_PATHS = NO;
				CLANG_ANALYZER_NONNULL = YES;
				CLANG_ANALYZER_NUMBER_OBJECT_CONVERSION = YES_AGGRESSIVE;
				CLANG_CXX_LANGUAGE_STANDARD = "gnu++20";
				CLANG_ENABLE_MODULES = YES;
				CLANG_ENABLE_OBJC_ARC = YES;
				CLANG_ENABLE_OBJC_WEAK = YES;
				CLANG_WARN_BLOCK_CAPTURE_AUTORELEASING = YES;
				CLANG_WARN_BOOL_CONVERSION = YES;
				CLANG_WARN_COMMA = YES;
				CLANG_WARN_CONSTANT_CONVERSION = YES;
				CLANG_WARN_DEPRECATED_OBJC_IMPLEMENTATIONS = YES;
				CLANG_WARN_DIRECT_OBJC_ISA_USAGE = YES_ERROR;
				CLANG_WARN_DOCUMENTATION_COMMENTS = YES;
				CLANG_WARN_EMPTY_BODY = YES;
				CLANG_WARN_ENUM_CONVERSION = YES;
				CLANG_WARN_INFINITE_RECURSION = YES;
				CLANG_WARN_INT_CONVERSION = YES;
				CLANG_WARN_NON_LITERAL_NULL_CONVERSION = YES;
				CLANG_WARN_OBJC_IMPLICIT_RETAIN_SELF = YES;
				CLANG_WARN_OBJC_LITERAL_CONVERSION = YES;
				CLANG_WARN_OBJC_ROOT_CLASS = YES_ERROR;
				CLANG_WARN_QUOTED_INCLUDE_IN_FRAMEWORK_HEADER = YES;
				CLANG_WARN_RANGE_LOOP_ANALYSIS = YES;
				CLANG_WARN_STRICT_PROTOTYPES = YES;
				CLANG_WARN_SUSPICIOUS_MOVE = YES;
				CLANG_WARN_UNGUARDED_AVAILABILITY = YES_AGGRESSIVE;
				CLANG_WARN_UNREACHABLE_CODE = YES;
				CLANG_WARN__DUPLICATE_METHOD_MATCH = YES;
				COPY_PHASE_STRIP = NO;
				DEBUG_INFORMATION_FORMAT = dwarf;
				ENABLE_STRICT_OBJC_MSGSEND = YES;
				ENABLE_TESTABILITY = YES;
				GCC_C_LANGUAGE_STANDARD = gnu11;
				GCC_DYNAMIC_NO_PIC = NO;
				GCC_NO_COMMON_BLOCKS = YES;
				GCC_OPTIMIZATION_LEVEL = 0;
				GCC_PREPROCESSOR_DEFINITIONS = (
					"DEBUG=1",
					"$(inherited)",
				);
				GCC_WARN_64_TO_32_BIT_CONVERSION = YES;
				GCC_WARN_ABOUT_RETURN_TYPE = YES_ERROR;
				GCC_WARN_UNDECLARED_SELECTOR = YES;
				GCC_WARN_UNINITIALIZED_AUTOS = YES_AGGRESSIVE;
				GCC_WARN_UNUSED_FUNCTION = YES;
				GCC_WARN_UNUSED_VARIABLE = YES;
				IPHONEOS_DEPLOYMENT_TARGET = 16.4;
				MTL_ENABLE_DEBUG_INFO = INCLUDE_SOURCE;
				MTL_FAST_MATH = YES;
				ONLY_ACTIVE_ARCH = YES;
				SDKROOT = iphoneos;
			};
			name = Debug;
		};
		BCD871012A46FAB00070459F /* Release */ = {
			isa = XCBuildConfiguration;
			buildSettings = {
				ALWAYS_SEARCH_USER_PATHS = NO;
				CLANG_ANALYZER_NONNULL = YES;
				CLANG_ANALYZER_NUMBER_OBJECT_CONVERSION = YES_AGGRESSIVE;
				CLANG_CXX_LANGUAGE_STANDARD = "gnu++20";
				CLANG_ENABLE_MODULES = YES;
				CLANG_ENABLE_OBJC_ARC = YES;
				CLANG_ENABLE_OBJC_WEAK = YES;
				CLANG_WARN_BLOCK_CAPTURE_AUTORELEASING = YES;
				CLANG_WARN_BOOL_CONVERSION = YES;
				CLANG_WARN_COMMA = YES;
				CLANG_WARN_CONSTANT_CONVERSION = YES;
				CLANG_WARN_DEPRECATED_OBJC_IMPLEMENTATIONS = YES;
				CLANG_WARN_DIRECT_OBJC_ISA_USAGE = YES_ERROR;
				CLANG_WARN_DOCUMENTATION_COMMENTS = YES;
				CLANG_WARN_EMPTY_BODY = YES;
				CLANG_WARN_ENUM_CONVERSION = YES;
				CLANG_WARN_INFINITE_RECURSION = YES;
				CLANG_WARN_INT_CONVERSION = YES;
				CLANG_WARN_NON_LITERAL_NULL_CONVERSION = YES;
				CLANG_WARN_OBJC_IMPLICIT_RETAIN_SELF = YES;
				CLANG_WARN_OBJC_LITERAL_CONVERSION = YES;
				CLANG_WARN_OBJC_ROOT_CLASS = YES_ERROR;
				CLANG_WARN_QUOTED_INCLUDE_IN_FRAMEWORK_HEADER = YES;
				CLANG_WARN_RANGE_LOOP_ANALYSIS = YES;
				CLANG_WARN_STRICT_PROTOTYPES = YES;
				CLANG_WARN_SUSPICIOUS_MOVE = YES;
				CLANG_WARN_UNGUARDED_AVAILABILITY = YES_AGGRESSIVE;
				CLANG_WARN_UNREACHABLE_CODE = YES;
				CLANG_WARN__DUPLICATE_METHOD_MATCH = YES;
				COPY_PHASE_STRIP = NO;
				DEBUG_INFORMATION_FORMAT = "dwarf-with-dsym";
				ENABLE_NS_ASSERTIONS = NO;
				ENABLE_STRICT_OBJC_MSGSEND = YES;
				GCC_C_LANGUAGE_STANDARD = gnu11;
				GCC_NO_COMMON_BLOCKS = YES;
				GCC_WARN_64_TO_32_BIT_CONVERSION = YES;
				GCC_WARN_ABOUT_RETURN_TYPE = YES_ERROR;
				GCC_WARN_UNDECLARED_SELECTOR = YES;
				GCC_WARN_UNINITIALIZED_AUTOS = YES_AGGRESSIVE;
				GCC_WARN_UNUSED_FUNCTION = YES;
				GCC_WARN_UNUSED_VARIABLE = YES;
				IPHONEOS_DEPLOYMENT_TARGET = 16.4;
				MTL_ENABLE_DEBUG_INFO = NO;
				MTL_FAST_MATH = YES;
				SDKROOT = iphoneos;
				VALIDATE_PRODUCT = YES;
			};
			name = Release;
		};
		BCD871032A46FAB00070459F /* Debug */ = {
			isa = XCBuildConfiguration;
			buildSettings = {
				ASSETCATALOG_COMPILER_APPICON_NAME = AppIcon;
				ASSETCATALOG_COMPILER_GLOBAL_ACCENT_COLOR_NAME = AccentColor;
				CLANG_ENABLE_MODULES = YES;
				CODE_SIGN_STYLE = Automatic;
				CURRENT_PROJECT_VERSION = 1;
				DEVELOPMENT_TEAM = 9WW9Z623Y6;
				GENERATE_INFOPLIST_FILE = YES;
				INFOPLIST_FILE = MapsEuropeTest/Info.plist;
				INFOPLIST_KEY_UIApplicationSupportsIndirectInputEvents = YES;
				INFOPLIST_KEY_UILaunchStoryboardName = LaunchScreen;
				INFOPLIST_KEY_UIMainStoryboardFile = Main;
				INFOPLIST_KEY_UISupportedInterfaceOrientations_iPad = "UIInterfaceOrientationPortrait UIInterfaceOrientationPortraitUpsideDown UIInterfaceOrientationLandscapeLeft UIInterfaceOrientationLandscapeRight";
				INFOPLIST_KEY_UISupportedInterfaceOrientations_iPhone = "UIInterfaceOrientationPortrait UIInterfaceOrientationLandscapeLeft UIInterfaceOrientationLandscapeRight";
				INFOPLIST_KEY_UIUserInterfaceStyle = white;
				LD_RUNPATH_SEARCH_PATHS = (
					"$(inherited)",
					"@executable_path/Frameworks",
				);
				MARKETING_VERSION = 1.0;
				PRODUCT_BUNDLE_IDENTIFIER = den4iklvivua.MapsEuropeTest;
				PRODUCT_NAME = "$(TARGET_NAME)";
				SWIFT_EMIT_LOC_STRINGS = YES;
				SWIFT_OBJC_BRIDGING_HEADER = "MapsEuropeTest/MapsEuropeTest-Bridging-Header.h";
				SWIFT_OPTIMIZATION_LEVEL = "-Onone";
				SWIFT_VERSION = 5.0;
				TARGETED_DEVICE_FAMILY = "1,2";
			};
			name = Debug;
		};
		BCD871042A46FAB00070459F /* Release */ = {
			isa = XCBuildConfiguration;
			buildSettings = {
				ASSETCATALOG_COMPILER_APPICON_NAME = AppIcon;
				ASSETCATALOG_COMPILER_GLOBAL_ACCENT_COLOR_NAME = AccentColor;
				CLANG_ENABLE_MODULES = YES;
				CODE_SIGN_STYLE = Automatic;
				CURRENT_PROJECT_VERSION = 1;
				DEVELOPMENT_TEAM = 9WW9Z623Y6;
				GENERATE_INFOPLIST_FILE = YES;
				INFOPLIST_FILE = MapsEuropeTest/Info.plist;
				INFOPLIST_KEY_UIApplicationSupportsIndirectInputEvents = YES;
				INFOPLIST_KEY_UILaunchStoryboardName = LaunchScreen;
				INFOPLIST_KEY_UIMainStoryboardFile = Main;
				INFOPLIST_KEY_UISupportedInterfaceOrientations_iPad = "UIInterfaceOrientationPortrait UIInterfaceOrientationPortraitUpsideDown UIInterfaceOrientationLandscapeLeft UIInterfaceOrientationLandscapeRight";
				INFOPLIST_KEY_UISupportedInterfaceOrientations_iPhone = "UIInterfaceOrientationPortrait UIInterfaceOrientationLandscapeLeft UIInterfaceOrientationLandscapeRight";
				INFOPLIST_KEY_UIUserInterfaceStyle = white;
				LD_RUNPATH_SEARCH_PATHS = (
					"$(inherited)",
					"@executable_path/Frameworks",
				);
				MARKETING_VERSION = 1.0;
				PRODUCT_BUNDLE_IDENTIFIER = den4iklvivua.MapsEuropeTest;
				PRODUCT_NAME = "$(TARGET_NAME)";
				SWIFT_EMIT_LOC_STRINGS = YES;
				SWIFT_OBJC_BRIDGING_HEADER = "MapsEuropeTest/MapsEuropeTest-Bridging-Header.h";
				SWIFT_VERSION = 5.0;
				TARGETED_DEVICE_FAMILY = "1,2";
			};
			name = Release;
		};
/* End XCBuildConfiguration section */

/* Begin XCConfigurationList section */
		BCD870E42A46FAAF0070459F /* Build configuration list for PBXProject "MapsEuropeTest" */ = {
			isa = XCConfigurationList;
			buildConfigurations = (
				BCD871002A46FAB00070459F /* Debug */,
				BCD871012A46FAB00070459F /* Release */,
			);
			defaultConfigurationIsVisible = 0;
			defaultConfigurationName = Release;
		};
		BCD871022A46FAB00070459F /* Build configuration list for PBXNativeTarget "MapsEuropeTest" */ = {
			isa = XCConfigurationList;
			buildConfigurations = (
				BCD871032A46FAB00070459F /* Debug */,
				BCD871042A46FAB00070459F /* Release */,
			);
			defaultConfigurationIsVisible = 0;
			defaultConfigurationName = Release;
		};
/* End XCConfigurationList section */
	};
	rootObject = BCD870E12A46FAAF0070459F /* Project object */;
}
